
Microsoft Visual Studio Solution File, Format Version 12.00
# Visual Studio Version 16
VisualStudioVersion = 16.0.32413.511
MinimumVisualStudioVersion = 10.0.40219.1
Project("{9A19103F-16F7-4668-BE54-9A1E7A4F7556}") = "PracticeDotNet", "PracticeDotNet\PracticeDotNet.csproj", "{3B4F5517-2940-4D31-9DBB-6897261CA7AF}"
EndProject
Project("{9A19103F-16F7-4668-BE54-9A1E7A4F7556}") = "MultiThreading", "MultiThreading\MultiThreading.csproj", "{6C0FD058-A17A-4640-ABEF-7CCB3D334FBE}"
EndProject
Project("{9A19103F-16F7-4668-BE54-9A1E7A4F7556}") = "GenericCollectionIn_C_Sharp", "GenericCollectionIn_C_Sharp\GenericCollectionIn_C_Sharp.csproj", "{4E37DD44-911B-45A2-BDA7-F5CED62DB120}"
EndProject
Project("{9A19103F-16F7-4668-BE54-9A1E7A4F7556}") = "ProjectPractice", "ProjectPractice\ProjectPractice.csproj", "{B80A0482-A03E-4724-A87B-1B4765468ED0}"
EndProject
Project("{9A19103F-16F7-4668-BE54-9A1E7A4F7556}") = "NonGeneric Collection", "NonGeneric Collection\NonGeneric Collection.csproj", "{D847D944-564E-4BE2-96CF-719A53BDE881}"
EndProject
Project("{9A19103F-16F7-4668-BE54-9A1E7A4F7556}") = "PropertiesOfCSharp", "PropertiesOfCSharp\PropertiesOfCSharp.csproj", "{4AA3431B-4128-4282-A1C0-2842A2B0BD02}"
EndProject
Project("{9A19103F-16F7-4668-BE54-9A1E7A4F7556}") = "NModBusDemo", "NModBusDemo\NModBusDemo.csproj", "{015FB228-9F12-4275-B6E3-3C7286619CFA}"
EndProject
Project("{9A19103F-16F7-4668-BE54-9A1E7A4F7556}") = "NModBusPractice", "NModBusPractice\NModBusPractice.csproj", "{1CBF4C7A-3750-4FF0-B996-794F9D00362E}"
EndProject
Project("{FAE04EC0-301F-11D3-BF4B-00C04F79EFBC}") = "GUI", "GUI\GUI.csproj", "{F0556316-E3EA-4C3C-978C-62BAEB3BEC8D}"
EndProject
Project("{FAE04EC0-301F-11D3-BF4B-00C04F79EFBC}") = "GUI_ModBus", "GUI_ModBus\GUI_ModBus.csproj", "{93A44024-6C8A-4B25-B066-EE1F9AE4F846}"
EndProject
Project("{FAE04EC0-301F-11D3-BF4B-00C04F79EFBC}") = "TimerPractice", "TimerPractice\TimerPractice.csproj", "{01C2912B-109B-4954-8827-F905435109BD}"
EndProject
Project("{FAE04EC0-301F-11D3-BF4B-00C04F79EFBC}") = "CallBackTimer", "CallBackTimer\CallBackTimer.csproj", "{1E310524-72A2-4285-83DC-FA5B65A6AEAD}"
EndProject
Project("{9A19103F-16F7-4668-BE54-9A1E7A4F7556}") = "EventInCSharp", "EventInCSharp\EventInCSharp.csproj", "{AB3F7B6F-4AD6-422E-B379-802273762393}"
EndProject
Project("{9A19103F-16F7-4668-BE54-9A1E7A4F7556}") = "WPFPractice", "WPFPractice\WPFPractice.csproj", "{520172C7-E8AF-42C2-9DCC-2928E5C4DA6A}"
EndProject
Project("{9A19103F-16F7-4668-BE54-9A1E7A4F7556}") = "WPFMVVM", "WPFMVVM\WPFMVVM.csproj", "{49A638DD-1CCA-4DB2-AC19-A80B299D7762}"
EndProject
Project("{9A19103F-16F7-4668-BE54-9A1E7A4F7556}") = "SimpleWPF", "SimpleWPF\SimpleWPF.csproj", "{C8BE0CB6-5BB4-404B-AF60-06EAF24F7587}"
EndProject
Project("{9A19103F-16F7-4668-BE54-9A1E7A4F7556}") = "LoopTest", "LoopTest\LoopTest.csproj", "{29220865-B670-406C-B9C4-FBC7E317A55C}"
EndProject
Project("{FAE04EC0-301F-11D3-BF4B-00C04F79EFBC}") = "Calculatoer", "Calculatoer\Calculatoer.csproj", "{10340242-4129-4E4D-9220-1B0693334EEE}"
EndProject
Global
	GlobalSection(SolutionConfigurationPlatforms) = preSolution
		Debug|Any CPU = Debug|Any CPU
		Debug|x64 = Debug|x64
		Release|Any CPU = Release|Any CPU
		Release|x64 = Release|x64
	EndGlobalSection
	GlobalSection(ProjectConfigurationPlatforms) = postSolution
		{3B4F5517-2940-4D31-9DBB-6897261CA7AF}.Debug|Any CPU.ActiveCfg = Debug|Any CPU
		{3B4F5517-2940-4D31-9DBB-6897261CA7AF}.Debug|Any CPU.Build.0 = Debug|Any CPU
		{3B4F5517-2940-4D31-9DBB-6897261CA7AF}.Debug|x64.ActiveCfg = Debug|x64
		{3B4F5517-2940-4D31-9DBB-6897261CA7AF}.Debug|x64.Build.0 = Debug|x64
		{3B4F5517-2940-4D31-9DBB-6897261CA7AF}.Release|Any CPU.ActiveCfg = Release|Any CPU
		{3B4F5517-2940-4D31-9DBB-6897261CA7AF}.Release|Any CPU.Build.0 = Release|Any CPU
		{3B4F5517-2940-4D31-9DBB-6897261CA7AF}.Release|x64.ActiveCfg = Release|x64
		{3B4F5517-2940-4D31-9DBB-6897261CA7AF}.Release|x64.Build.0 = Release|x64
		{6C0FD058-A17A-4640-ABEF-7CCB3D334FBE}.Debug|Any CPU.ActiveCfg = Debug|Any CPU
		{6C0FD058-A17A-4640-ABEF-7CCB3D334FBE}.Debug|Any CPU.Build.0 = Debug|Any CPU
		{6C0FD058-A17A-4640-ABEF-7CCB3D334FBE}.Debug|x64.ActiveCfg = Debug|Any CPU
		{6C0FD058-A17A-4640-ABEF-7CCB3D334FBE}.Debug|x64.Build.0 = Debug|Any CPU
		{6C0FD058-A17A-4640-ABEF-7CCB3D334FBE}.Release|Any CPU.ActiveCfg = Release|Any CPU
		{6C0FD058-A17A-4640-ABEF-7CCB3D334FBE}.Release|Any CPU.Build.0 = Release|Any CPU
		{6C0FD058-A17A-4640-ABEF-7CCB3D334FBE}.Release|x64.ActiveCfg = Release|Any CPU
		{6C0FD058-A17A-4640-ABEF-7CCB3D334FBE}.Release|x64.Build.0 = Release|Any CPU
		{4E37DD44-911B-45A2-BDA7-F5CED62DB120}.Debug|Any CPU.ActiveCfg = Debug|Any CPU
		{4E37DD44-911B-45A2-BDA7-F5CED62DB120}.Debug|Any CPU.Build.0 = Debug|Any CPU
		{4E37DD44-911B-45A2-BDA7-F5CED62DB120}.Debug|x64.ActiveCfg = Debug|Any CPU
		{4E37DD44-911B-45A2-BDA7-F5CED62DB120}.Debug|x64.Build.0 = Debug|Any CPU
		{4E37DD44-911B-45A2-BDA7-F5CED62DB120}.Release|Any CPU.ActiveCfg = Release|Any CPU
		{4E37DD44-911B-45A2-BDA7-F5CED62DB120}.Release|Any CPU.Build.0 = Release|Any CPU
		{4E37DD44-911B-45A2-BDA7-F5CED62DB120}.Release|x64.ActiveCfg = Release|Any CPU
		{4E37DD44-911B-45A2-BDA7-F5CED62DB120}.Release|x64.Build.0 = Release|Any CPU
		{B80A0482-A03E-4724-A87B-1B4765468ED0}.Debug|Any CPU.ActiveCfg = Debug|Any CPU
		{B80A0482-A03E-4724-A87B-1B4765468ED0}.Debug|Any CPU.Build.0 = Debug|Any CPU
		{B80A0482-A03E-4724-A87B-1B4765468ED0}.Debug|x64.ActiveCfg = Debug|Any CPU
		{B80A0482-A03E-4724-A87B-1B4765468ED0}.Debug|x64.Build.0 = Debug|Any CPU
		{B80A0482-A03E-4724-A87B-1B4765468ED0}.Release|Any CPU.ActiveCfg = Release|Any CPU
		{B80A0482-A03E-4724-A87B-1B4765468ED0}.Release|Any CPU.Build.0 = Release|Any CPU
		{B80A0482-A03E-4724-A87B-1B4765468ED0}.Release|x64.ActiveCfg = Release|Any CPU
		{B80A0482-A03E-4724-A87B-1B4765468ED0}.Release|x64.Build.0 = Release|Any CPU
		{D847D944-564E-4BE2-96CF-719A53BDE881}.Debug|Any CPU.ActiveCfg = Debug|Any CPU
		{D847D944-564E-4BE2-96CF-719A53BDE881}.Debug|Any CPU.Build.0 = Debug|Any CPU
		{D847D944-564E-4BE2-96CF-719A53BDE881}.Debug|x64.ActiveCfg = Debug|Any CPU
		{D847D944-564E-4BE2-96CF-719A53BDE881}.Debug|x64.Build.0 = Debug|Any CPU
		{D847D944-564E-4BE2-96CF-719A53BDE881}.Release|Any CPU.ActiveCfg = Release|Any CPU
		{D847D944-564E-4BE2-96CF-719A53BDE881}.Release|Any CPU.Build.0 = Release|Any CPU
		{D847D944-564E-4BE2-96CF-719A53BDE881}.Release|x64.ActiveCfg = Release|Any CPU
		{D847D944-564E-4BE2-96CF-719A53BDE881}.Release|x64.Build.0 = Release|Any CPU
		{4AA3431B-4128-4282-A1C0-2842A2B0BD02}.Debug|Any CPU.ActiveCfg = Debug|Any CPU
		{4AA3431B-4128-4282-A1C0-2842A2B0BD02}.Debug|Any CPU.Build.0 = Debug|Any CPU
		{4AA3431B-4128-4282-A1C0-2842A2B0BD02}.Debug|x64.ActiveCfg = Debug|Any CPU
		{4AA3431B-4128-4282-A1C0-2842A2B0BD02}.Debug|x64.Build.0 = Debug|Any CPU
		{4AA3431B-4128-4282-A1C0-2842A2B0BD02}.Release|Any CPU.ActiveCfg = Release|Any CPU
		{4AA3431B-4128-4282-A1C0-2842A2B0BD02}.Release|Any CPU.Build.0 = Release|Any CPU
		{4AA3431B-4128-4282-A1C0-2842A2B0BD02}.Release|x64.ActiveCfg = Release|Any CPU
		{4AA3431B-4128-4282-A1C0-2842A2B0BD02}.Release|x64.Build.0 = Release|Any CPU
		{015FB228-9F12-4275-B6E3-3C7286619CFA}.Debug|Any CPU.ActiveCfg = Debug|Any CPU
		{015FB228-9F12-4275-B6E3-3C7286619CFA}.Debug|Any CPU.Build.0 = Debug|Any CPU
		{015FB228-9F12-4275-B6E3-3C7286619CFA}.Debug|x64.ActiveCfg = Debug|Any CPU
		{015FB228-9F12-4275-B6E3-3C7286619CFA}.Debug|x64.Build.0 = Debug|Any CPU
		{015FB228-9F12-4275-B6E3-3C7286619CFA}.Release|Any CPU.ActiveCfg = Release|Any CPU
		{015FB228-9F12-4275-B6E3-3C7286619CFA}.Release|Any CPU.Build.0 = Release|Any CPU
		{015FB228-9F12-4275-B6E3-3C7286619CFA}.Release|x64.ActiveCfg = Release|Any CPU
		{015FB228-9F12-4275-B6E3-3C7286619CFA}.Release|x64.Build.0 = Release|Any CPU
		{1CBF4C7A-3750-4FF0-B996-794F9D00362E}.Debug|Any CPU.ActiveCfg = Debug|Any CPU
		{1CBF4C7A-3750-4FF0-B996-794F9D00362E}.Debug|Any CPU.Build.0 = Debug|Any CPU
		{1CBF4C7A-3750-4FF0-B996-794F9D00362E}.Debug|x64.ActiveCfg = Debug|Any CPU
		{1CBF4C7A-3750-4FF0-B996-794F9D00362E}.Debug|x64.Build.0 = Debug|Any CPU
		{1CBF4C7A-3750-4FF0-B996-794F9D00362E}.Release|Any CPU.ActiveCfg = Release|Any CPU
		{1CBF4C7A-3750-4FF0-B996-794F9D00362E}.Release|Any CPU.Build.0 = Release|Any CPU
		{1CBF4C7A-3750-4FF0-B996-794F9D00362E}.Release|x64.ActiveCfg = Release|Any CPU
		{1CBF4C7A-3750-4FF0-B996-794F9D00362E}.Release|x64.Build.0 = Release|Any CPU
		{F0556316-E3EA-4C3C-978C-62BAEB3BEC8D}.Debug|Any CPU.ActiveCfg = Debug|Any CPU
		{F0556316-E3EA-4C3C-978C-62BAEB3BEC8D}.Debug|Any CPU.Build.0 = Debug|Any CPU
		{F0556316-E3EA-4C3C-978C-62BAEB3BEC8D}.Debug|x64.ActiveCfg = Debug|Any CPU
		{F0556316-E3EA-4C3C-978C-62BAEB3BEC8D}.Debug|x64.Build.0 = Debug|Any CPU
		{F0556316-E3EA-4C3C-978C-62BAEB3BEC8D}.Release|Any CPU.ActiveCfg = Release|Any CPU
		{F0556316-E3EA-4C3C-978C-62BAEB3BEC8D}.Release|Any CPU.Build.0 = Release|Any CPU
		{F0556316-E3EA-4C3C-978C-62BAEB3BEC8D}.Release|x64.ActiveCfg = Release|Any CPU
		{F0556316-E3EA-4C3C-978C-62BAEB3BEC8D}.Release|x64.Build.0 = Release|Any CPU
		{93A44024-6C8A-4B25-B066-EE1F9AE4F846}.Debug|Any CPU.ActiveCfg = Debug|Any CPU
		{93A44024-6C8A-4B25-B066-EE1F9AE4F846}.Debug|Any CPU.Build.0 = Debug|Any CPU
		{93A44024-6C8A-4B25-B066-EE1F9AE4F846}.Debug|x64.ActiveCfg = Debug|Any CPU
		{93A44024-6C8A-4B25-B066-EE1F9AE4F846}.Debug|x64.Build.0 = Debug|Any CPU
		{93A44024-6C8A-4B25-B066-EE1F9AE4F846}.Release|Any CPU.ActiveCfg = Release|Any CPU
		{93A44024-6C8A-4B25-B066-EE1F9AE4F846}.Release|Any CPU.Build.0 = Release|Any CPU
		{93A44024-6C8A-4B25-B066-EE1F9AE4F846}.Release|x64.ActiveCfg = Release|Any CPU
		{93A44024-6C8A-4B25-B066-EE1F9AE4F846}.Release|x64.Build.0 = Release|Any CPU
		{01C2912B-109B-4954-8827-F905435109BD}.Debug|Any CPU.ActiveCfg = Debug|Any CPU
		{01C2912B-109B-4954-8827-F905435109BD}.Debug|Any CPU.Build.0 = Debug|Any CPU
		{01C2912B-109B-4954-8827-F905435109BD}.Debug|x64.ActiveCfg = Debug|Any CPU
		{01C2912B-109B-4954-8827-F905435109BD}.Debug|x64.Build.0 = Debug|Any CPU
		{01C2912B-109B-4954-8827-F905435109BD}.Release|Any CPU.ActiveCfg = Release|Any CPU
		{01C2912B-109B-4954-8827-F905435109BD}.Release|Any CPU.Build.0 = Release|Any CPU
		{01C2912B-109B-4954-8827-F905435109BD}.Release|x64.ActiveCfg = Release|Any CPU
		{01C2912B-109B-4954-8827-F905435109BD}.Release|x64.Build.0 = Release|Any CPU
		{1E310524-72A2-4285-83DC-FA5B65A6AEAD}.Debug|Any CPU.ActiveCfg = Debug|Any CPU
		{1E310524-72A2-4285-83DC-FA5B65A6AEAD}.Debug|Any CPU.Build.0 = Debug|Any CPU
		{1E310524-72A2-4285-83DC-FA5B65A6AEAD}.Debug|x64.ActiveCfg = Debug|Any CPU
		{1E310524-72A2-4285-83DC-FA5B65A6AEAD}.Debug|x64.Build.0 = Debug|Any CPU
		{1E310524-72A2-4285-83DC-FA5B65A6AEAD}.Release|Any CPU.ActiveCfg = Release|Any CPU
		{1E310524-72A2-4285-83DC-FA5B65A6AEAD}.Release|Any CPU.Build.0 = Release|Any CPU
		{1E310524-72A2-4285-83DC-FA5B65A6AEAD}.Release|x64.ActiveCfg = Release|Any CPU
		{1E310524-72A2-4285-83DC-FA5B65A6AEAD}.Release|x64.Build.0 = Release|Any CPU
		{AB3F7B6F-4AD6-422E-B379-802273762393}.Debug|Any CPU.ActiveCfg = Debug|Any CPU
		{AB3F7B6F-4AD6-422E-B379-802273762393}.Debug|Any CPU.Build.0 = Debug|Any CPU
		{AB3F7B6F-4AD6-422E-B379-802273762393}.Debug|x64.ActiveCfg = Debug|Any CPU
		{AB3F7B6F-4AD6-422E-B379-802273762393}.Debug|x64.Build.0 = Debug|Any CPU
		{AB3F7B6F-4AD6-422E-B379-802273762393}.Release|Any CPU.ActiveCfg = Release|Any CPU
		{AB3F7B6F-4AD6-422E-B379-802273762393}.Release|Any CPU.Build.0 = Release|Any CPU
		{AB3F7B6F-4AD6-422E-B379-802273762393}.Release|x64.ActiveCfg = Release|Any CPU
		{AB3F7B6F-4AD6-422E-B379-802273762393}.Release|x64.Build.0 = Release|Any CPU
		{520172C7-E8AF-42C2-9DCC-2928E5C4DA6A}.Debug|Any CPU.ActiveCfg = Debug|Any CPU
		{520172C7-E8AF-42C2-9DCC-2928E5C4DA6A}.Debug|Any CPU.Build.0 = Debug|Any CPU
		{520172C7-E8AF-42C2-9DCC-2928E5C4DA6A}.Debug|x64.ActiveCfg = Debug|Any CPU
		{520172C7-E8AF-42C2-9DCC-2928E5C4DA6A}.Debug|x64.Build.0 = Debug|Any CPU
		{520172C7-E8AF-42C2-9DCC-2928E5C4DA6A}.Release|Any CPU.ActiveCfg = Release|Any CPU
		{520172C7-E8AF-42C2-9DCC-2928E5C4DA6A}.Release|Any CPU.Build.0 = Release|Any CPU
		{520172C7-E8AF-42C2-9DCC-2928E5C4DA6A}.Release|x64.ActiveCfg = Release|Any CPU
		{520172C7-E8AF-42C2-9DCC-2928E5C4DA6A}.Release|x64.Build.0 = Release|Any CPU
		{49A638DD-1CCA-4DB2-AC19-A80B299D7762}.Debug|Any CPU.ActiveCfg = Debug|Any CPU
		{49A638DD-1CCA-4DB2-AC19-A80B299D7762}.Debug|Any CPU.Build.0 = Debug|Any CPU
		{49A638DD-1CCA-4DB2-AC19-A80B299D7762}.Debug|x64.ActiveCfg = Debug|Any CPU
		{49A638DD-1CCA-4DB2-AC19-A80B299D7762}.Debug|x64.Build.0 = Debug|Any CPU
		{49A638DD-1CCA-4DB2-AC19-A80B299D7762}.Release|Any CPU.ActiveCfg = Release|Any CPU
		{49A638DD-1CCA-4DB2-AC19-A80B299D7762}.Release|Any CPU.Build.0 = Release|Any CPU
		{49A638DD-1CCA-4DB2-AC19-A80B299D7762}.Release|x64.ActiveCfg = Release|Any CPU
		{49A638DD-1CCA-4DB2-AC19-A80B299D7762}.Release|x64.Build.0 = Release|Any CPU
		{C8BE0CB6-5BB4-404B-AF60-06EAF24F7587}.Debug|Any CPU.ActiveCfg = Debug|Any CPU
		{C8BE0CB6-5BB4-404B-AF60-06EAF24F7587}.Debug|Any CPU.Build.0 = Debug|Any CPU
		{C8BE0CB6-5BB4-404B-AF60-06EAF24F7587}.Debug|x64.ActiveCfg = Debug|Any CPU
		{C8BE0CB6-5BB4-404B-AF60-06EAF24F7587}.Debug|x64.Build.0 = Debug|Any CPU
		{C8BE0CB6-5BB4-404B-AF60-06EAF24F7587}.Release|Any CPU.ActiveCfg = Release|Any CPU
		{C8BE0CB6-5BB4-404B-AF60-06EAF24F7587}.Release|Any CPU.Build.0 = Release|Any CPU
		{C8BE0CB6-5BB4-404B-AF60-06EAF24F7587}.Release|x64.ActiveCfg = Release|Any CPU
		{C8BE0CB6-5BB4-404B-AF60-06EAF24F7587}.Release|x64.Build.0 = Release|Any CPU
		{29220865-B670-406C-B9C4-FBC7E317A55C}.Debug|Any CPU.ActiveCfg = Debug|Any CPU
		{29220865-B670-406C-B9C4-FBC7E317A55C}.Debug|Any CPU.Build.0 = Debug|Any CPU
		{29220865-B670-406C-B9C4-FBC7E317A55C}.Debug|x64.ActiveCfg = Debug|Any CPU
		{29220865-B670-406C-B9C4-FBC7E317A55C}.Debug|x64.Build.0 = Debug|Any CPU
		{29220865-B670-406C-B9C4-FBC7E317A55C}.Release|Any CPU.ActiveCfg = Release|Any CPU
		{29220865-B670-406C-B9C4-FBC7E317A55C}.Release|Any CPU.Build.0 = Release|Any CPU
		{29220865-B670-406C-B9C4-FBC7E317A55C}.Release|x64.ActiveCfg = Release|Any CPU
		{29220865-B670-406C-B9C4-FBC7E317A55C}.Release|x64.Build.0 = Release|Any CPU
		{10340242-4129-4E4D-9220-1B0693334EEE}.Debug|Any CPU.ActiveCfg = Debug|Any CPU
		{10340242-4129-4E4D-9220-1B0693334EEE}.Debug|Any CPU.Build.0 = Debug|Any CPU
		{10340242-4129-4E4D-9220-1B0693334EEE}.Debug|x64.ActiveCfg = Debug|Any CPU
		{10340242-4129-4E4D-9220-1B0693334EEE}.Debug|x64.Build.0 = Debug|Any CPU
		{10340242-4129-4E4D-9220-1B0693334EEE}.Release|Any CPU.ActiveCfg = Release|Any CPU
		{10340242-4129-4E4D-9220-1B0693334EEE}.Release|Any CPU.Build.0 = Release|Any CPU
		{10340242-4129-4E4D-9220-1B0693334EEE}.Release|x64.ActiveCfg = Release|Any CPU
		{10340242-4129-4E4D-9220-1B0693334EEE}.Release|x64.Build.0 = Release|Any CPU
	EndGlobalSection
	GlobalSection(SolutionProperties) = preSolution
		HideSolutionNode = FALSE
	EndGlobalSection
	GlobalSection(ExtensibilityGlobals) = postSolution
		SolutionGuid = {3913D474-E636-468A-9F60-57D84B52840C}
	EndGlobalSection
EndGlobal
